
Microsoft Visual Studio Solution File, Format Version 12.00
# Visual Studio Version 17
VisualStudioVersion = 17.4.33213.308
MinimumVisualStudioVersion = 10.0.40219.1
Project("{9A19103F-16F7-4668-BE54-9A1E7A4F7556}") = "ServiceAPI", "ServiceAPI\ServiceAPI.csproj", "{8C2FE38F-FBEF-4EEB-94D5-AFF4769D6B6F}"
EndProject
Project("{2150E333-8FDC-42A3-9474-1A3956D46DE8}") = "Solution Items", "Solution Items", "{7DC3BFD1-8620-4B29-A3A7-0BD64B075B46}"
	ProjectSection(SolutionItems) = preProject
		.editorconfig = .editorconfig
	EndProjectSection
EndProject
Global
	GlobalSection(SolutionConfigurationPlatforms) = preSolution
		Debug|Any CPU = Debug|Any CPU
		Release|Any CPU = Release|Any CPU
	EndGlobalSection
	GlobalSection(ProjectConfigurationPlatforms) = postSolution
		{8C2FE38F-FBEF-4EEB-94D5-AFF4769D6B6F}.Debug|Any CPU.ActiveCfg = Debug|Any CPU
		{8C2FE38F-FBEF-4EEB-94D5-AFF4769D6B6F}.Debug|Any CPU.Build.0 = Debug|Any CPU
		{8C2FE38F-FBEF-4EEB-94D5-AFF4769D6B6F}.Release|Any CPU.ActiveCfg = Release|Any CPU
		{8C2FE38F-FBEF-4EEB-94D5-AFF4769D6B6F}.Release|Any CPU.Build.0 = Release|Any CPU
	EndGlobalSection
	GlobalSection(SolutionProperties) = preSolution
		HideSolutionNode = FALSE
	EndGlobalSection
	GlobalSection(ExtensibilityGlobals) = postSolution
		SolutionGuid = {7A5E65F9-313A-4168-AA34-8F6F6DF237C7}
	EndGlobalSection
EndGlobal
