
Microsoft Visual Studio Solution File, Format Version 12.00
# Visual Studio Version 17
VisualStudioVersion = 17.5.33627.172
MinimumVisualStudioVersion = 10.0.40219.1
Project("{9A19103F-16F7-4668-BE54-9A1E7A4F7556}") = "ServiceAPI_Test", "ServiceAPI_Test\ServiceAPI_Test.csproj", "{B46EF79C-DC1F-450C-8247-50051C2B57E5}"
EndProject
Project("{9A19103F-16F7-4668-BE54-9A1E7A4F7556}") = "ServiceAPI", "..\ServiceAPI\ServiceAPI\ServiceAPI.csproj", "{98985260-8D8E-4150-B05A-222F28F961CA}"
EndProject
Global
	GlobalSection(SolutionConfigurationPlatforms) = preSolution
		Debug|Any CPU = Debug|Any CPU
		Release|Any CPU = Release|Any CPU
	EndGlobalSection
	GlobalSection(ProjectConfigurationPlatforms) = postSolution
		{B46EF79C-DC1F-450C-8247-50051C2B57E5}.Debug|Any CPU.ActiveCfg = Debug|Any CPU
		{B46EF79C-DC1F-450C-8247-50051C2B57E5}.Debug|Any CPU.Build.0 = Debug|Any CPU
		{B46EF79C-DC1F-450C-8247-50051C2B57E5}.Release|Any CPU.ActiveCfg = Release|Any CPU
		{B46EF79C-DC1F-450C-8247-50051C2B57E5}.Release|Any CPU.Build.0 = Release|Any CPU
		{98985260-8D8E-4150-B05A-222F28F961CA}.Debug|Any CPU.ActiveCfg = Debug|Any CPU
		{98985260-8D8E-4150-B05A-222F28F961CA}.Debug|Any CPU.Build.0 = Debug|Any CPU
		{98985260-8D8E-4150-B05A-222F28F961CA}.Release|Any CPU.ActiveCfg = Release|Any CPU
		{98985260-8D8E-4150-B05A-222F28F961CA}.Release|Any CPU.Build.0 = Release|Any CPU
	EndGlobalSection
	GlobalSection(SolutionProperties) = preSolution
		HideSolutionNode = FALSE
	EndGlobalSection
	GlobalSection(ExtensibilityGlobals) = postSolution
		SolutionGuid = {461A70DE-C83D-4BDB-86A6-0B178EB25A59}
	EndGlobalSection
EndGlobal
